
Microsoft Visual Studio Solution File, Format Version 12.00
# Visual Studio Version 17
VisualStudioVersion = 17.13.35828.75 d17.13
MinimumVisualStudioVersion = 10.0.40219.1
Project("{FAE04EC0-301F-11D3-BF4B-00C04F79EFBC}") = "GorillaDash", "DashMonke\GorillaDash.csproj", "{0BF6C6A6-EE91-4553-B377-186E07887909}"
EndProject
Global
	GlobalSection(SolutionConfigurationPlatforms) = preSolution
		Debug|Any CPU = Debug|Any CPU
		Release|Any CPU = Release|Any CPU
	EndGlobalSection
	GlobalSection(ProjectConfigurationPlatforms) = postSolution
		{0BF6C6A6-EE91-4553-B377-186E07887909}.Debug|Any CPU.ActiveCfg = Debug|Any CPU
		{0BF6C6A6-EE91-4553-B377-186E07887909}.Debug|Any CPU.Build.0 = Debug|Any CPU
		{0BF6C6A6-EE91-4553-B377-186E07887909}.Release|Any CPU.ActiveCfg = Release|Any CPU
		{0BF6C6A6-EE91-4553-B377-186E07887909}.Release|Any CPU.Build.0 = Release|Any CPU
	EndGlobalSection
	GlobalSection(SolutionProperties) = preSolution
		HideSolutionNode = FALSE
	EndGlobalSection
	GlobalSection(ExtensibilityGlobals) = postSolution
		SolutionGuid = {72109D75-56A2-4959-985E-7DD7E3A76336}
	EndGlobalSection
EndGlobal
